
Microsoft Visual Studio Solution File, Format Version 12.00
# Visual Studio Version 16
VisualStudioVersion = 16.0.30517.126
MinimumVisualStudioVersion = 10.0.40219.1
Project("{8BC9CEB8-8B4A-11D0-8D11-00A0C91BC942}") = "MAZE_SERVER_VER1.0", "MAZE_SERVER_VER1.0\MAZE_SERVER_VER1.0.vcxproj", "{3A42DD1D-275D-40D9-B6E8-68278C226909}"
EndProject
Global
	GlobalSection(SolutionConfigurationPlatforms) = preSolution
		Debug|x64 = Debug|x64
		Debug|x86 = Debug|x86
		Release|x64 = Release|x64
		Release|x86 = Release|x86
	EndGlobalSection
	GlobalSection(ProjectConfigurationPlatforms) = postSolution
		{3A42DD1D-275D-40D9-B6E8-68278C226909}.Debug|x64.ActiveCfg = Debug|x64
		{3A42DD1D-275D-40D9-B6E8-68278C226909}.Debug|x64.Build.0 = Debug|x64
		{3A42DD1D-275D-40D9-B6E8-68278C226909}.Debug|x86.ActiveCfg = Debug|Win32
		{3A42DD1D-275D-40D9-B6E8-68278C226909}.Debug|x86.Build.0 = Debug|Win32
		{3A42DD1D-275D-40D9-B6E8-68278C226909}.Release|x64.ActiveCfg = Release|x64
		{3A42DD1D-275D-40D9-B6E8-68278C226909}.Release|x64.Build.0 = Release|x64
		{3A42DD1D-275D-40D9-B6E8-68278C226909}.Release|x86.ActiveCfg = Release|Win32
		{3A42DD1D-275D-40D9-B6E8-68278C226909}.Release|x86.Build.0 = Release|Win32
	EndGlobalSection
	GlobalSection(SolutionProperties) = preSolution
		HideSolutionNode = FALSE
	EndGlobalSection
	GlobalSection(ExtensibilityGlobals) = postSolution
		SolutionGuid = {E7A3D59D-1D62-427D-89E2-E862419FC798}
	EndGlobalSection
EndGlobal
